
Microsoft Visual Studio Solution File, Format Version 12.00
# Visual Studio Version 17
VisualStudioVersion = 17.5.33530.505
MinimumVisualStudioVersion = 10.0.40219.1
Project("{FAE04EC0-301F-11D3-BF4B-00C04F79EFBC}") = "Blazor.AnchorLink", "Blazor.AnchorLink\Blazor.AnchorLink.csproj", "{FBA7F1C4-FD88-4EBB-95F1-8B97D9D7620B}"
EndProject
Global
	GlobalSection(SolutionConfigurationPlatforms) = preSolution
		Debug|Any CPU = Debug|Any CPU
		Release|Any CPU = Release|Any CPU
	EndGlobalSection
	GlobalSection(ProjectConfigurationPlatforms) = postSolution
		{FBA7F1C4-FD88-4EBB-95F1-8B97D9D7620B}.Debug|Any CPU.ActiveCfg = Debug|Any CPU
		{FBA7F1C4-FD88-4EBB-95F1-8B97D9D7620B}.Debug|Any CPU.Build.0 = Debug|Any CPU
		{FBA7F1C4-FD88-4EBB-95F1-8B97D9D7620B}.Release|Any CPU.ActiveCfg = Release|Any CPU
		{FBA7F1C4-FD88-4EBB-95F1-8B97D9D7620B}.Release|Any CPU.Build.0 = Release|Any CPU
	EndGlobalSection
	GlobalSection(SolutionProperties) = preSolution
		HideSolutionNode = FALSE
	EndGlobalSection
	GlobalSection(ExtensibilityGlobals) = postSolution
		SolutionGuid = {A64D7C07-AF84-4CF2-93D7-85B43A2EC75B}
	EndGlobalSection
EndGlobal
